// !$*UTF8*$!
{
	archiveVersion = 1;
	classes = {
	};
	objectVersion = 55;
	objects = {

/* Begin PBXBuildFile section */
		063B4D8AD44B3CDFE8961732 /* Pods_RecipeBox.framework in Frameworks */ = {isa = PBXBuildFile; fileRef = A5534FA658294BE8A7A19399 /* Pods_RecipeBox.framework */; };
		97043B0D28235AA000B3062C /* RecipeResultCell.swift in Sources */ = {isa = PBXBuildFile; fileRef = 97043B0C28235AA000B3062C /* RecipeResultCell.swift */; };
		97043B0F28235BFB00B3062C /* RecipeResultCell.xib in Resources */ = {isa = PBXBuildFile; fileRef = 97043B0E28235BFB00B3062C /* RecipeResultCell.xib */; };
		971DAB30282ACF9D0003ABB9 /* OpeningViewController.swift in Sources */ = {isa = PBXBuildFile; fileRef = 971DAB2F282ACF9C0003ABB9 /* OpeningViewController.swift */; };
		971DAB34282B018E0003ABB9 /* UIImageView+DownloadImage.swift..swift in Sources */ = {isa = PBXBuildFile; fileRef = 971DAB33282B018D0003ABB9 /* UIImageView+DownloadImage.swift..swift */; };
		97264677282EBB7600552BB0 /* DetailsTableViewController.swift in Sources */ = {isa = PBXBuildFile; fileRef = 97264676282EBB7600552BB0 /* DetailsTableViewController.swift */; };
		97264679282EBBB300552BB0 /* DetailCell.xib in Resources */ = {isa = PBXBuildFile; fileRef = 97264678282EBBB300552BB0 /* DetailCell.xib */; };
		9726467B282EBD2F00552BB0 /* DetailCell.swift in Sources */ = {isa = PBXBuildFile; fileRef = 9726467A282EBD2F00552BB0 /* DetailCell.swift */; };
		9726467D282EC59600552BB0 /* DetailImageCell.xib in Resources */ = {isa = PBXBuildFile; fileRef = 9726467C282EC59600552BB0 /* DetailImageCell.xib */; };
		97264681282EC6A600552BB0 /* DetailImageCell.swift in Sources */ = {isa = PBXBuildFile; fileRef = 97264680282EC6A600552BB0 /* DetailImageCell.swift */; };
		97264683282ED1BF00552BB0 /* RecipeSummary.swift in Sources */ = {isa = PBXBuildFile; fileRef = 97264682282ED1BF00552BB0 /* RecipeSummary.swift */; };
		97264689282F32AB00552BB0 /* Sound.caf in Resources */ = {isa = PBXBuildFile; fileRef = 97264688282F32AB00552BB0 /* Sound.caf */; };
		9746BBE52811C9F6004A1A72 /* RecipeResult.swift in Sources */ = {isa = PBXBuildFile; fileRef = 9746BBE42811C9F6004A1A72 /* RecipeResult.swift */; };
		975AB64F28033B6300BA798B /* AppDelegate.swift in Sources */ = {isa = PBXBuildFile; fileRef = 975AB64E28033B6300BA798B /* AppDelegate.swift */; };
		975AB65128033B6300BA798B /* SceneDelegate.swift in Sources */ = {isa = PBXBuildFile; fileRef = 975AB65028033B6300BA798B /* SceneDelegate.swift */; };
		975AB65628033B6300BA798B /* Main.storyboard in Resources */ = {isa = PBXBuildFile; fileRef = 975AB65428033B6300BA798B /* Main.storyboard */; };
		975AB65828033B6700BA798B /* Assets.xcassets in Resources */ = {isa = PBXBuildFile; fileRef = 975AB65728033B6700BA798B /* Assets.xcassets */; };
		975AB65B28033B6700BA798B /* LaunchScreen.storyboard in Resources */ = {isa = PBXBuildFile; fileRef = 975AB65928033B6700BA798B /* LaunchScreen.storyboard */; };
		975AB6672803AA2600BA798B /* CategoryViewController.swift in Sources */ = {isa = PBXBuildFile; fileRef = 975AB6662803AA2600BA798B /* CategoryViewController.swift */; };
		975AB6692803ABBB00BA798B /* CategoryGridCell.swift in Sources */ = {isa = PBXBuildFile; fileRef = 975AB6682803ABBB00BA798B /* CategoryGridCell.swift */; };
		979B09DA280A68D9008CE0BE /* CategoryModel.swift in Sources */ = {isa = PBXBuildFile; fileRef = 979B09D9280A68D9008CE0BE /* CategoryModel.swift */; };
		979BB40C28106D8200B5BB81 /* IngredientsTableViewController.swift in Sources */ = {isa = PBXBuildFile; fileRef = 979BB40B28106D8100B5BB81 /* IngredientsTableViewController.swift */; };
		979BB40E2810905000B5BB81 /* RecipesTableViewController.swift in Sources */ = {isa = PBXBuildFile; fileRef = 979BB40D2810905000B5BB81 /* RecipesTableViewController.swift */; };
		97C01EF42808844B00540EBB /* GoogleService-Info.plist in Resources */ = {isa = PBXBuildFile; fileRef = 97C01EF32808844B00540EBB /* GoogleService-Info.plist */; };
/* End PBXBuildFile section */

/* Begin PBXFileReference section */
		97043B0C28235AA000B3062C /* RecipeResultCell.swift */ = {isa = PBXFileReference; lastKnownFileType = sourcecode.swift; path = RecipeResultCell.swift; sourceTree = "<group>"; };
		97043B0E28235BFB00B3062C /* RecipeResultCell.xib */ = {isa = PBXFileReference; lastKnownFileType = file.xib; path = RecipeResultCell.xib; sourceTree = "<group>"; };
		971DAB2F282ACF9C0003ABB9 /* OpeningViewController.swift */ = {isa = PBXFileReference; lastKnownFileType = sourcecode.swift; path = OpeningViewController.swift; sourceTree = "<group>"; };
		971DAB33282B018D0003ABB9 /* UIImageView+DownloadImage.swift..swift */ = {isa = PBXFileReference; lastKnownFileType = sourcecode.swift; path = "UIImageView+DownloadImage.swift..swift"; sourceTree = "<group>"; };
		97264676282EBB7600552BB0 /* DetailsTableViewController.swift */ = {isa = PBXFileReference; lastKnownFileType = sourcecode.swift; path = DetailsTableViewController.swift; sourceTree = "<group>"; };
		97264678282EBBB300552BB0 /* DetailCell.xib */ = {isa = PBXFileReference; lastKnownFileType = file.xib; path = DetailCell.xib; sourceTree = "<group>"; };
		9726467A282EBD2F00552BB0 /* DetailCell.swift */ = {isa = PBXFileReference; lastKnownFileType = sourcecode.swift; path = DetailCell.swift; sourceTree = "<group>"; };
		9726467C282EC59600552BB0 /* DetailImageCell.xib */ = {isa = PBXFileReference; lastKnownFileType = file.xib; path = DetailImageCell.xib; sourceTree = "<group>"; };
		97264680282EC6A600552BB0 /* DetailImageCell.swift */ = {isa = PBXFileReference; lastKnownFileType = sourcecode.swift; path = DetailImageCell.swift; sourceTree = "<group>"; };
		97264682282ED1BF00552BB0 /* RecipeSummary.swift */ = {isa = PBXFileReference; lastKnownFileType = sourcecode.swift; path = RecipeSummary.swift; sourceTree = "<group>"; };
		97264688282F32AB00552BB0 /* Sound.caf */ = {isa = PBXFileReference; lastKnownFileType = file; path = Sound.caf; sourceTree = "<group>"; };
		9746BBE42811C9F6004A1A72 /* RecipeResult.swift */ = {isa = PBXFileReference; lastKnownFileType = sourcecode.swift; path = RecipeResult.swift; sourceTree = "<group>"; };
		975AB64B28033B6300BA798B /* RecipeBox.app */ = {isa = PBXFileReference; explicitFileType = wrapper.application; includeInIndex = 0; path = RecipeBox.app; sourceTree = BUILT_PRODUCTS_DIR; };
		975AB64E28033B6300BA798B /* AppDelegate.swift */ = {isa = PBXFileReference; lastKnownFileType = sourcecode.swift; path = AppDelegate.swift; sourceTree = "<group>"; };
		975AB65028033B6300BA798B /* SceneDelegate.swift */ = {isa = PBXFileReference; lastKnownFileType = sourcecode.swift; path = SceneDelegate.swift; sourceTree = "<group>"; };
		975AB65528033B6300BA798B /* Base */ = {isa = PBXFileReference; lastKnownFileType = file.storyboard; name = Base; path = Base.lproj/Main.storyboard; sourceTree = "<group>"; };
		975AB65728033B6700BA798B /* Assets.xcassets */ = {isa = PBXFileReference; lastKnownFileType = folder.assetcatalog; path = Assets.xcassets; sourceTree = "<group>"; };
		975AB65A28033B6700BA798B /* Base */ = {isa = PBXFileReference; lastKnownFileType = file.storyboard; name = Base; path = Base.lproj/LaunchScreen.storyboard; sourceTree = "<group>"; };
		975AB65C28033B6700BA798B /* Info.plist */ = {isa = PBXFileReference; lastKnownFileType = text.plist.xml; path = Info.plist; sourceTree = "<group>"; };
		975AB6662803AA2600BA798B /* CategoryViewController.swift */ = {isa = PBXFileReference; lastKnownFileType = sourcecode.swift; path = CategoryViewController.swift; sourceTree = "<group>"; };
		975AB6682803ABBB00BA798B /* CategoryGridCell.swift */ = {isa = PBXFileReference; lastKnownFileType = sourcecode.swift; path = CategoryGridCell.swift; sourceTree = "<group>"; };
		979B09D9280A68D9008CE0BE /* CategoryModel.swift */ = {isa = PBXFileReference; lastKnownFileType = sourcecode.swift; path = CategoryModel.swift; sourceTree = "<group>"; };
		979BB40B28106D8100B5BB81 /* IngredientsTableViewController.swift */ = {isa = PBXFileReference; lastKnownFileType = sourcecode.swift; path = IngredientsTableViewController.swift; sourceTree = "<group>"; };
		979BB40D2810905000B5BB81 /* RecipesTableViewController.swift */ = {isa = PBXFileReference; lastKnownFileType = sourcecode.swift; path = RecipesTableViewController.swift; sourceTree = "<group>"; };
		97C01EF32808844B00540EBB /* GoogleService-Info.plist */ = {isa = PBXFileReference; fileEncoding = 4; lastKnownFileType = text.plist.xml; path = "GoogleService-Info.plist"; sourceTree = "<group>"; };
		A5534FA658294BE8A7A19399 /* Pods_RecipeBox.framework */ = {isa = PBXFileReference; explicitFileType = wrapper.framework; includeInIndex = 0; path = Pods_RecipeBox.framework; sourceTree = BUILT_PRODUCTS_DIR; };
		B3F358E6FF012038482727B0 /* Pods-RecipeBox.debug.xcconfig */ = {isa = PBXFileReference; includeInIndex = 1; lastKnownFileType = text.xcconfig; name = "Pods-RecipeBox.debug.xcconfig"; path = "Target Support Files/Pods-RecipeBox/Pods-RecipeBox.debug.xcconfig"; sourceTree = "<group>"; };
		C6459B4998F05307DE941BDE /* Pods-RecipeBox.release.xcconfig */ = {isa = PBXFileReference; includeInIndex = 1; lastKnownFileType = text.xcconfig; name = "Pods-RecipeBox.release.xcconfig"; path = "Target Support Files/Pods-RecipeBox/Pods-RecipeBox.release.xcconfig"; sourceTree = "<group>"; };
/* End PBXFileReference section */

/* Begin PBXFrameworksBuildPhase section */
		975AB64828033B6300BA798B /* Frameworks */ = {
			isa = PBXFrameworksBuildPhase;
			buildActionMask = 2147483647;
			files = (
				063B4D8AD44B3CDFE8961732 /* Pods_RecipeBox.framework in Frameworks */,
			);
			runOnlyForDeploymentPostprocessing = 0;
		};
/* End PBXFrameworksBuildPhase section */

/* Begin PBXGroup section */
		1F86ED2F95BF7B96000F3DC3 /* Frameworks */ = {
			isa = PBXGroup;
			children = (
				A5534FA658294BE8A7A19399 /* Pods_RecipeBox.framework */,
			);
			name = Frameworks;
			sourceTree = "<group>";
		};
		2D44D6C8673CAAD061D8C293 /* Pods */ = {
			isa = PBXGroup;
			children = (
				B3F358E6FF012038482727B0 /* Pods-RecipeBox.debug.xcconfig */,
				C6459B4998F05307DE941BDE /* Pods-RecipeBox.release.xcconfig */,
			);
			path = Pods;
			sourceTree = "<group>";
		};
		97264687282F329C00552BB0 /* Sound */ = {
			isa = PBXGroup;
			children = (
				97264688282F32AB00552BB0 /* Sound.caf */,
			);
			path = Sound;
			sourceTree = "<group>";
		};
		975AB64228033B6300BA798B = {
			isa = PBXGroup;
			children = (
				975AB64D28033B6300BA798B /* RecipeBox */,
				975AB64C28033B6300BA798B /* Products */,
				2D44D6C8673CAAD061D8C293 /* Pods */,
				1F86ED2F95BF7B96000F3DC3 /* Frameworks */,
			);
			sourceTree = "<group>";
		};
		975AB64C28033B6300BA798B /* Products */ = {
			isa = PBXGroup;
			children = (
				975AB64B28033B6300BA798B /* RecipeBox.app */,
			);
			name = Products;
			sourceTree = "<group>";
		};
		975AB64D28033B6300BA798B /* RecipeBox */ = {
			isa = PBXGroup;
			children = (
				97264687282F329C00552BB0 /* Sound */,
				975AB64E28033B6300BA798B /* AppDelegate.swift */,
				975AB65728033B6700BA798B /* Assets.xcassets */,
				975AB6682803ABBB00BA798B /* CategoryGridCell.swift */,
				979B09D9280A68D9008CE0BE /* CategoryModel.swift */,
				975AB6662803AA2600BA798B /* CategoryViewController.swift */,
				97C01EF32808844B00540EBB /* GoogleService-Info.plist */,
				975AB65C28033B6700BA798B /* Info.plist */,
				979BB40B28106D8100B5BB81 /* IngredientsTableViewController.swift */,
				975AB65928033B6700BA798B /* LaunchScreen.storyboard */,
				975AB65428033B6300BA798B /* Main.storyboard */,
				97264678282EBBB300552BB0 /* DetailCell.xib */,
				9726467C282EC59600552BB0 /* DetailImageCell.xib */,
				97264680282EC6A600552BB0 /* DetailImageCell.swift */,
				9726467A282EBD2F00552BB0 /* DetailCell.swift */,
				97264676282EBB7600552BB0 /* DetailsTableViewController.swift */,
				97043B0C28235AA000B3062C /* RecipeResultCell.swift */,
				97043B0E28235BFB00B3062C /* RecipeResultCell.xib */,
				9746BBE42811C9F6004A1A72 /* RecipeResult.swift */,
				97264682282ED1BF00552BB0 /* RecipeSummary.swift */,
				979BB40D2810905000B5BB81 /* RecipesTableViewController.swift */,
				975AB65028033B6300BA798B /* SceneDelegate.swift */,
				971DAB2F282ACF9C0003ABB9 /* OpeningViewController.swift */,
				971DAB33282B018D0003ABB9 /* UIImageView+DownloadImage.swift..swift */,
			);
			path = RecipeBox;
			sourceTree = "<group>";
		};
/* End PBXGroup section */

/* Begin PBXNativeTarget section */
		975AB64A28033B6300BA798B /* RecipeBox */ = {
			isa = PBXNativeTarget;
			buildConfigurationList = 975AB65F28033B6700BA798B /* Build configuration list for PBXNativeTarget "RecipeBox" */;
			buildPhases = (
				2CDF360F7F24D2AA9A8D325F /* [CP] Check Pods Manifest.lock */,
				975AB64728033B6300BA798B /* Sources */,
				975AB64828033B6300BA798B /* Frameworks */,
				975AB64928033B6300BA798B /* Resources */,
				F664143C0EBED9DF8797306A /* [CP] Embed Pods Frameworks */,
			);
			buildRules = (
			);
			dependencies = (
			);
			name = RecipeBox;
			productName = RecipeBox;
			productReference = 975AB64B28033B6300BA798B /* RecipeBox.app */;
			productType = "com.apple.product-type.application";
		};
/* End PBXNativeTarget section */

/* Begin PBXProject section */
		975AB64328033B6300BA798B /* Project object */ = {
			isa = PBXProject;
			attributes = {
				BuildIndependentTargetsInParallel = 1;
				LastSwiftUpdateCheck = 1320;
				LastUpgradeCheck = 1320;
				TargetAttributes = {
					975AB64A28033B6300BA798B = {
						CreatedOnToolsVersion = 13.2.1;
					};
				};
			};
			buildConfigurationList = 975AB64628033B6300BA798B /* Build configuration list for PBXProject "RecipeBox" */;
			compatibilityVersion = "Xcode 13.0";
			developmentRegion = en;
			hasScannedForEncodings = 0;
			knownRegions = (
				en,
				Base,
			);
			mainGroup = 975AB64228033B6300BA798B;
			productRefGroup = 975AB64C28033B6300BA798B /* Products */;
			projectDirPath = "";
			projectRoot = "";
			targets = (
				975AB64A28033B6300BA798B /* RecipeBox */,
			);
		};
/* End PBXProject section */

/* Begin PBXResourcesBuildPhase section */
		975AB64928033B6300BA798B /* Resources */ = {
			isa = PBXResourcesBuildPhase;
			buildActionMask = 2147483647;
			files = (
				97043B0F28235BFB00B3062C /* RecipeResultCell.xib in Resources */,
				975AB65B28033B6700BA798B /* LaunchScreen.storyboard in Resources */,
				97264689282F32AB00552BB0 /* Sound.caf in Resources */,
				9726467D282EC59600552BB0 /* DetailImageCell.xib in Resources */,
				97C01EF42808844B00540EBB /* GoogleService-Info.plist in Resources */,
				97264679282EBBB300552BB0 /* DetailCell.xib in Resources */,
				975AB65828033B6700BA798B /* Assets.xcassets in Resources */,
				975AB65628033B6300BA798B /* Main.storyboard in Resources */,
			);
			runOnlyForDeploymentPostprocessing = 0;
		};
/* End PBXResourcesBuildPhase section */

/* Begin PBXShellScriptBuildPhase section */
		2CDF360F7F24D2AA9A8D325F /* [CP] Check Pods Manifest.lock */ = {
			isa = PBXShellScriptBuildPhase;
			buildActionMask = 2147483647;
			files = (
			);
			inputFileListPaths = (
			);
			inputPaths = (
				"${PODS_PODFILE_DIR_PATH}/Podfile.lock",
				"${PODS_ROOT}/Manifest.lock",
			);
			name = "[CP] Check Pods Manifest.lock";
			outputFileListPaths = (
			);
			outputPaths = (
				"$(DERIVED_FILE_DIR)/Pods-RecipeBox-checkManifestLockResult.txt",
			);
			runOnlyForDeploymentPostprocessing = 0;
			shellPath = /bin/sh;
			shellScript = "diff \"${PODS_PODFILE_DIR_PATH}/Podfile.lock\" \"${PODS_ROOT}/Manifest.lock\" > /dev/null\nif [ $? != 0 ] ; then\n    # print error to STDERR\n    echo \"error: The sandbox is not in sync with the Podfile.lock. Run 'pod install' or update your CocoaPods installation.\" >&2\n    exit 1\nfi\n# This output is used by Xcode 'outputs' to avoid re-running this script phase.\necho \"SUCCESS\" > \"${SCRIPT_OUTPUT_FILE_0}\"\n";
			showEnvVarsInLog = 0;
		};
		F664143C0EBED9DF8797306A /* [CP] Embed Pods Frameworks */ = {
			isa = PBXShellScriptBuildPhase;
			buildActionMask = 2147483647;
			files = (
			);
			inputFileListPaths = (
				"${PODS_ROOT}/Target Support Files/Pods-RecipeBox/Pods-RecipeBox-frameworks-${CONFIGURATION}-input-files.xcfilelist",
			);
			name = "[CP] Embed Pods Frameworks";
			outputFileListPaths = (
				"${PODS_ROOT}/Target Support Files/Pods-RecipeBox/Pods-RecipeBox-frameworks-${CONFIGURATION}-output-files.xcfilelist",
			);
			runOnlyForDeploymentPostprocessing = 0;
			shellPath = /bin/sh;
			shellScript = "\"${PODS_ROOT}/Target Support Files/Pods-RecipeBox/Pods-RecipeBox-frameworks.sh\"\n";
			showEnvVarsInLog = 0;
		};
/* End PBXShellScriptBuildPhase section */

/* Begin PBXSourcesBuildPhase section */
		975AB64728033B6300BA798B /* Sources */ = {
			isa = PBXSourcesBuildPhase;
			buildActionMask = 2147483647;
			files = (
				975AB64F28033B6300BA798B /* AppDelegate.swift in Sources */,
				979BB40E2810905000B5BB81 /* RecipesTableViewController.swift in Sources */,
				975AB6692803ABBB00BA798B /* CategoryGridCell.swift in Sources */,
				97264683282ED1BF00552BB0 /* RecipeSummary.swift in Sources */,
				971DAB34282B018E0003ABB9 /* UIImageView+DownloadImage.swift..swift in Sources */,
				975AB6672803AA2600BA798B /* CategoryViewController.swift in Sources */,
				9746BBE52811C9F6004A1A72 /* RecipeResult.swift in Sources */,
				97043B0D28235AA000B3062C /* RecipeResultCell.swift in Sources */,
				97264681282EC6A600552BB0 /* DetailImageCell.swift in Sources */,
				979B09DA280A68D9008CE0BE /* CategoryModel.swift in Sources */,
				97264677282EBB7600552BB0 /* DetailsTableViewController.swift in Sources */,
				979BB40C28106D8200B5BB81 /* IngredientsTableViewController.swift in Sources */,
				975AB65128033B6300BA798B /* SceneDelegate.swift in Sources */,
				9726467B282EBD2F00552BB0 /* DetailCell.swift in Sources */,
				971DAB30282ACF9D0003ABB9 /* OpeningViewController.swift in Sources */,
			);
			runOnlyForDeploymentPostprocessing = 0;
		};
/* End PBXSourcesBuildPhase section */

/* Begin PBXVariantGroup section */
		975AB65428033B6300BA798B /* Main.storyboard */ = {
			isa = PBXVariantGroup;
			children = (
				975AB65528033B6300BA798B /* Base */,
			);
			name = Main.storyboard;
			sourceTree = "<group>";
		};
		975AB65928033B6700BA798B /* LaunchScreen.storyboard */ = {
			isa = PBXVariantGroup;
			children = (
				975AB65A28033B6700BA798B /* Base */,
			);
			name = LaunchScreen.storyboard;
			sourceTree = "<group>";
		};
/* End PBXVariantGroup section */

/* Begin XCBuildConfiguration section */
		975AB65D28033B6700BA798B /* Debug */ = {
			isa = XCBuildConfiguration;
			buildSettings = {
				ALWAYS_SEARCH_USER_PATHS = NO;
				CLANG_ANALYZER_NONNULL = YES;
				CLANG_ANALYZER_NUMBER_OBJECT_CONVERSION = YES_AGGRESSIVE;
				CLANG_CXX_LANGUAGE_STANDARD = "gnu++17";
				CLANG_CXX_LIBRARY = "libc++";
				CLANG_ENABLE_MODULES = YES;
				CLANG_ENABLE_OBJC_ARC = YES;
				CLANG_ENABLE_OBJC_WEAK = YES;
				CLANG_WARN_BLOCK_CAPTURE_AUTORELEASING = YES;
				CLANG_WARN_BOOL_CONVERSION = YES;
				CLANG_WARN_COMMA = YES;
				CLANG_WARN_CONSTANT_CONVERSION = YES;
				CLANG_WARN_DEPRECATED_OBJC_IMPLEMENTATIONS = YES;
				CLANG_WARN_DIRECT_OBJC_ISA_USAGE = YES_ERROR;
				CLANG_WARN_DOCUMENTATION_COMMENTS = YES;
				CLANG_WARN_EMPTY_BODY = YES;
				CLANG_WARN_ENUM_CONVERSION = YES;
				CLANG_WARN_INFINITE_RECURSION = YES;
				CLANG_WARN_INT_CONVERSION = YES;
				CLANG_WARN_NON_LITERAL_NULL_CONVERSION = YES;
				CLANG_WARN_OBJC_IMPLICIT_RETAIN_SELF = YES;
				CLANG_WARN_OBJC_LITERAL_CONVERSION = YES;
				CLANG_WARN_OBJC_ROOT_CLASS = YES_ERROR;
				CLANG_WARN_QUOTED_INCLUDE_IN_FRAMEWORK_HEADER = YES;
				CLANG_WARN_RANGE_LOOP_ANALYSIS = YES;
				CLANG_WARN_STRICT_PROTOTYPES = YES;
				CLANG_WARN_SUSPICIOUS_MOVE = YES;
				CLANG_WARN_UNGUARDED_AVAILABILITY = YES_AGGRESSIVE;
				CLANG_WARN_UNREACHABLE_CODE = YES;
				CLANG_WARN__DUPLICATE_METHOD_MATCH = YES;
				COPY_PHASE_STRIP = NO;
				DEBUG_INFORMATION_FORMAT = dwarf;
				ENABLE_STRICT_OBJC_MSGSEND = YES;
				ENABLE_TESTABILITY = YES;
				GCC_C_LANGUAGE_STANDARD = gnu11;
				GCC_DYNAMIC_NO_PIC = NO;
				GCC_NO_COMMON_BLOCKS = YES;
				GCC_OPTIMIZATION_LEVEL = 0;
				GCC_PREPROCESSOR_DEFINITIONS = (
					"DEBUG=1",
					"$(inherited)",
				);
				GCC_WARN_64_TO_32_BIT_CONVERSION = YES;
				GCC_WARN_ABOUT_RETURN_TYPE = YES_ERROR;
				GCC_WARN_UNDECLARED_SELECTOR = YES;
				GCC_WARN_UNINITIALIZED_AUTOS = YES_AGGRESSIVE;
				GCC_WARN_UNUSED_FUNCTION = YES;
				GCC_WARN_UNUSED_VARIABLE = YES;
				IPHONEOS_DEPLOYMENT_TARGET = 15.2;
				MTL_ENABLE_DEBUG_INFO = INCLUDE_SOURCE;
				MTL_FAST_MATH = YES;
				ONLY_ACTIVE_ARCH = YES;
				SDKROOT = iphoneos;
				SWIFT_ACTIVE_COMPILATION_CONDITIONS = DEBUG;
				SWIFT_OPTIMIZATION_LEVEL = "-Onone";
			};
			name = Debug;
		};
		975AB65E28033B6700BA798B /* Release */ = {
			isa = XCBuildConfiguration;
			buildSettings = {
				ALWAYS_SEARCH_USER_PATHS = NO;
				CLANG_ANALYZER_NONNULL = YES;
				CLANG_ANALYZER_NUMBER_OBJECT_CONVERSION = YES_AGGRESSIVE;
				CLANG_CXX_LANGUAGE_STANDARD = "gnu++17";
				CLANG_CXX_LIBRARY = "libc++";
				CLANG_ENABLE_MODULES = YES;
				CLANG_ENABLE_OBJC_ARC = YES;
				CLANG_ENABLE_OBJC_WEAK = YES;
				CLANG_WARN_BLOCK_CAPTURE_AUTORELEASING = YES;
				CLANG_WARN_BOOL_CONVERSION = YES;
				CLANG_WARN_COMMA = YES;
				CLANG_WARN_CONSTANT_CONVERSION = YES;
				CLANG_WARN_DEPRECATED_OBJC_IMPLEMENTATIONS = YES;
				CLANG_WARN_DIRECT_OBJC_ISA_USAGE = YES_ERROR;
				CLANG_WARN_DOCUMENTATION_COMMENTS = YES;
				CLANG_WARN_EMPTY_BODY = YES;
				CLANG_WARN_ENUM_CONVERSION = YES;
				CLANG_WARN_INFINITE_RECURSION = YES;
				CLANG_WARN_INT_CONVERSION = YES;
				CLANG_WARN_NON_LITERAL_NULL_CONVERSION = YES;
				CLANG_WARN_OBJC_IMPLICIT_RETAIN_SELF = YES;
				CLANG_WARN_OBJC_LITERAL_CONVERSION = YES;
				CLANG_WARN_OBJC_ROOT_CLASS = YES_ERROR;
				CLANG_WARN_QUOTED_INCLUDE_IN_FRAMEWORK_HEADER = YES;
				CLANG_WARN_RANGE_LOOP_ANALYSIS = YES;
				CLANG_WARN_STRICT_PROTOTYPES = YES;
				CLANG_WARN_SUSPICIOUS_MOVE = YES;
				CLANG_WARN_UNGUARDED_AVAILABILITY = YES_AGGRESSIVE;
				CLANG_WARN_UNREACHABLE_CODE = YES;
				CLANG_WARN__DUPLICATE_METHOD_MATCH = YES;
				COPY_PHASE_STRIP = NO;
				DEBUG_INFORMATION_FORMAT = "dwarf-with-dsym";
				ENABLE_NS_ASSERTIONS = NO;
				ENABLE_STRICT_OBJC_MSGSEND = YES;
				GCC_C_LANGUAGE_STANDARD = gnu11;
				GCC_NO_COMMON_BLOCKS = YES;
				GCC_WARN_64_TO_32_BIT_CONVERSION = YES;
				GCC_WARN_ABOUT_RETURN_TYPE = YES_ERROR;
				GCC_WARN_UNDECLARED_SELECTOR = YES;
				GCC_WARN_UNINITIALIZED_AUTOS = YES_AGGRESSIVE;
				GCC_WARN_UNUSED_FUNCTION = YES;
				GCC_WARN_UNUSED_VARIABLE = YES;
				IPHONEOS_DEPLOYMENT_TARGET = 15.2;
				MTL_ENABLE_DEBUG_INFO = NO;
				MTL_FAST_MATH = YES;
				SDKROOT = iphoneos;
				SWIFT_COMPILATION_MODE = wholemodule;
				SWIFT_OPTIMIZATION_LEVEL = "-O";
				VALIDATE_PRODUCT = YES;
			};
			name = Release;
		};
		975AB66028033B6700BA798B /* Debug */ = {
			isa = XCBuildConfiguration;
			baseConfigurationReference = B3F358E6FF012038482727B0 /* Pods-RecipeBox.debug.xcconfig */;
			buildSettings = {
				ASSETCATALOG_COMPILER_APPICON_NAME = AppIcon;
				ASSETCATALOG_COMPILER_GLOBAL_ACCENT_COLOR_NAME = AccentColor;
				CODE_SIGN_STYLE = Automatic;
				CURRENT_PROJECT_VERSION = 1;
				DEVELOPMENT_TEAM = 262XHZVX75;
				GENERATE_INFOPLIST_FILE = YES;
				INFOPLIST_FILE = RecipeBox/Info.plist;
				INFOPLIST_KEY_UIApplicationSupportsIndirectInputEvents = YES;
				INFOPLIST_KEY_UILaunchStoryboardName = LaunchScreen;
				INFOPLIST_KEY_UIMainStoryboardFile = Main;
				INFOPLIST_KEY_UIRequiresFullScreen = YES;
				INFOPLIST_KEY_UISupportedInterfaceOrientations = UIInterfaceOrientationPortrait;
				INFOPLIST_KEY_UISupportedInterfaceOrientations_iPad = "UIInterfaceOrientationPortrait UIInterfaceOrientationPortraitUpsideDown UIInterfaceOrientationLandscapeLeft UIInterfaceOrientationLandscapeRight";
				INFOPLIST_KEY_UISupportedInterfaceOrientations_iPhone = "UIInterfaceOrientationPortrait UIInterfaceOrientationLandscapeLeft UIInterfaceOrientationLandscapeRight";
				LD_RUNPATH_SEARCH_PATHS = (
					"$(inherited)",
					"@executable_path/Frameworks",
				);
				MARKETING_VERSION = 1.0;
				PRODUCT_BUNDLE_IDENTIFIER = com.feizza615.RecipeBox;
				PRODUCT_NAME = "$(TARGET_NAME)";
				SWIFT_EMIT_LOC_STRINGS = YES;
				SWIFT_VERSION = 5.0;
				TARGETED_DEVICE_FAMILY = "1,2";
			};
			name = Debug;
		};
		975AB66128033B6700BA798B /* Release */ = {
			isa = XCBuildConfiguration;
			baseConfigurationReference = C6459B4998F05307DE941BDE /* Pods-RecipeBox.release.xcconfig */;
			buildSettings = {
				ASSETCATALOG_COMPILER_APPICON_NAME = AppIcon;
				ASSETCATALOG_COMPILER_GLOBAL_ACCENT_COLOR_NAME = AccentColor;
				CODE_SIGN_STYLE = Automatic;
				CURRENT_PROJECT_VERSION = 1;
				DEVELOPMENT_TEAM = 262XHZVX75;
				GENERATE_INFOPLIST_FILE = YES;
				INFOPLIST_FILE = RecipeBox/Info.plist;
				INFOPLIST_KEY_UIApplicationSupportsIndirectInputEvents = YES;
				INFOPLIST_KEY_UILaunchStoryboardName = LaunchScreen;
				INFOPLIST_KEY_UIMainStoryboardFile = Main;
				INFOPLIST_KEY_UIRequiresFullScreen = YES;
				INFOPLIST_KEY_UISupportedInterfaceOrientations = UIInterfaceOrientationPortrait;
				INFOPLIST_KEY_UISupportedInterfaceOrientations_iPad = "UIInterfaceOrientationPortrait UIInterfaceOrientationPortraitUpsideDown UIInterfaceOrientationLandscapeLeft UIInterfaceOrientationLandscapeRight";
				INFOPLIST_KEY_UISupportedInterfaceOrientations_iPhone = "UIInterfaceOrientationPortrait UIInterfaceOrientationLandscapeLeft UIInterfaceOrientationLandscapeRight";
				LD_RUNPATH_SEARCH_PATHS = (
					"$(inherited)",
					"@executable_path/Frameworks",
				);
				MARKETING_VERSION = 1.0;
				PRODUCT_BUNDLE_IDENTIFIER = com.feizza615.RecipeBox;
				PRODUCT_NAME = "$(TARGET_NAME)";
				SWIFT_EMIT_LOC_STRINGS = YES;
				SWIFT_VERSION = 5.0;
				TARGETED_DEVICE_FAMILY = "1,2";
			};
			name = Release;
		};
/* End XCBuildConfiguration section */

/* Begin XCConfigurationList section */
		975AB64628033B6300BA798B /* Build configuration list for PBXProject "RecipeBox" */ = {
			isa = XCConfigurationList;
			buildConfigurations = (
				975AB65D28033B6700BA798B /* Debug */,
				975AB65E28033B6700BA798B /* Release */,
			);
			defaultConfigurationIsVisible = 0;
			defaultConfigurationName = Release;
		};
		975AB65F28033B6700BA798B /* Build configuration list for PBXNativeTarget "RecipeBox" */ = {
			isa = XCConfigurationList;
			buildConfigurations = (
				975AB66028033B6700BA798B /* Debug */,
				975AB66128033B6700BA798B /* Release */,
			);
			defaultConfigurationIsVisible = 0;
			defaultConfigurationName = Release;
		};
/* End XCConfigurationList section */
	};
	rootObject = 975AB64328033B6300BA798B /* Project object */;
}
